
Microsoft Visual Studio Solution File, Format Version 12.00
Project("{2150E333-8FDC-42A3-9474-1A3956D46DE8}") = "src", "src", "{F7D5F855-F22D-4F82-A559-7F94C3CF70C4}"
EndProject
Project("{2150E333-8FDC-42A3-9474-1A3956D46DE8}") = "tests", "tests", "{BCD34F98-CB96-4DCC-A9EA-F9B648108C6E}"
EndProject
Project("{FAE04EC0-301F-11D3-BF4B-00C04F79EFBC}") = "FitnessTracker.Domain.UnitTests", "FitnessTracker.Domain.UnitTests\FitnessTracker.Domain.UnitTests.csproj", "{B256EA49-408F-4327-A798-AD0B3F4E8D67}"
EndProject
Project("{FAE04EC0-301F-11D3-BF4B-00C04F79EFBC}") = "FitnessTracker.Application", "FitnessTracker.Application\FitnessTracker.Application.csproj", "{02858005-6B7F-4260-8E05-E7BE4E521B6D}"
EndProject
Project("{FAE04EC0-301F-11D3-BF4B-00C04F79EFBC}") = "FitnessTracker.Domain", "FitnessTracker.Domain\FitnessTracker.Domain.csproj", "{1DA60FAE-E2A8-4EEC-B9D7-CCC51E754E09}"
EndProject
Project("{FAE04EC0-301F-11D3-BF4B-00C04F79EFBC}") = "FitnessTracker.Infrastructure", "FitnessTracker.Infrastructure\FitnessTracker.Infrastructure.csproj", "{BEF4223D-FA63-4ABF-AF8E-72DEC0C3F5F3}"
EndProject
Project("{FAE04EC0-301F-11D3-BF4B-00C04F79EFBC}") = "SharedKernel", "SharedKernel\SharedKernel.csproj", "{2026FFAD-354B-42F2-B3F2-D1B27100C4A1}"
EndProject
Project("{FAE04EC0-301F-11D3-BF4B-00C04F79EFBC}") = "FitnessTracker.API", "FitnessTracker.API\FitnessTracker.API.csproj", "{EF0395EB-4980-41C7-A28F-334875ED7336}"
EndProject
Global
	GlobalSection(SolutionConfigurationPlatforms) = preSolution
		Debug|Any CPU = Debug|Any CPU
		Release|Any CPU = Release|Any CPU
	EndGlobalSection
	GlobalSection(ProjectConfigurationPlatforms) = postSolution
		{B256EA49-408F-4327-A798-AD0B3F4E8D67}.Debug|Any CPU.ActiveCfg = Debug|Any CPU
		{B256EA49-408F-4327-A798-AD0B3F4E8D67}.Debug|Any CPU.Build.0 = Debug|Any CPU
		{B256EA49-408F-4327-A798-AD0B3F4E8D67}.Release|Any CPU.ActiveCfg = Release|Any CPU
		{B256EA49-408F-4327-A798-AD0B3F4E8D67}.Release|Any CPU.Build.0 = Release|Any CPU
		{02858005-6B7F-4260-8E05-E7BE4E521B6D}.Debug|Any CPU.ActiveCfg = Debug|Any CPU
		{02858005-6B7F-4260-8E05-E7BE4E521B6D}.Debug|Any CPU.Build.0 = Debug|Any CPU
		{02858005-6B7F-4260-8E05-E7BE4E521B6D}.Release|Any CPU.ActiveCfg = Release|Any CPU
		{02858005-6B7F-4260-8E05-E7BE4E521B6D}.Release|Any CPU.Build.0 = Release|Any CPU
		{1DA60FAE-E2A8-4EEC-B9D7-CCC51E754E09}.Debug|Any CPU.ActiveCfg = Debug|Any CPU
		{1DA60FAE-E2A8-4EEC-B9D7-CCC51E754E09}.Debug|Any CPU.Build.0 = Debug|Any CPU
		{1DA60FAE-E2A8-4EEC-B9D7-CCC51E754E09}.Release|Any CPU.ActiveCfg = Release|Any CPU
		{1DA60FAE-E2A8-4EEC-B9D7-CCC51E754E09}.Release|Any CPU.Build.0 = Release|Any CPU
		{BEF4223D-FA63-4ABF-AF8E-72DEC0C3F5F3}.Debug|Any CPU.ActiveCfg = Debug|Any CPU
		{BEF4223D-FA63-4ABF-AF8E-72DEC0C3F5F3}.Debug|Any CPU.Build.0 = Debug|Any CPU
		{BEF4223D-FA63-4ABF-AF8E-72DEC0C3F5F3}.Release|Any CPU.ActiveCfg = Release|Any CPU
		{BEF4223D-FA63-4ABF-AF8E-72DEC0C3F5F3}.Release|Any CPU.Build.0 = Release|Any CPU
		{2026FFAD-354B-42F2-B3F2-D1B27100C4A1}.Debug|Any CPU.ActiveCfg = Debug|Any CPU
		{2026FFAD-354B-42F2-B3F2-D1B27100C4A1}.Debug|Any CPU.Build.0 = Debug|Any CPU
		{2026FFAD-354B-42F2-B3F2-D1B27100C4A1}.Release|Any CPU.ActiveCfg = Release|Any CPU
		{2026FFAD-354B-42F2-B3F2-D1B27100C4A1}.Release|Any CPU.Build.0 = Release|Any CPU
		{EF0395EB-4980-41C7-A28F-334875ED7336}.Debug|Any CPU.ActiveCfg = Debug|Any CPU
		{EF0395EB-4980-41C7-A28F-334875ED7336}.Debug|Any CPU.Build.0 = Debug|Any CPU
		{EF0395EB-4980-41C7-A28F-334875ED7336}.Release|Any CPU.ActiveCfg = Release|Any CPU
		{EF0395EB-4980-41C7-A28F-334875ED7336}.Release|Any CPU.Build.0 = Release|Any CPU
	EndGlobalSection
	GlobalSection(NestedProjects) = preSolution
		{B256EA49-408F-4327-A798-AD0B3F4E8D67} = {BCD34F98-CB96-4DCC-A9EA-F9B648108C6E}
		{02858005-6B7F-4260-8E05-E7BE4E521B6D} = {F7D5F855-F22D-4F82-A559-7F94C3CF70C4}
		{1DA60FAE-E2A8-4EEC-B9D7-CCC51E754E09} = {F7D5F855-F22D-4F82-A559-7F94C3CF70C4}
		{BEF4223D-FA63-4ABF-AF8E-72DEC0C3F5F3} = {F7D5F855-F22D-4F82-A559-7F94C3CF70C4}
		{2026FFAD-354B-42F2-B3F2-D1B27100C4A1} = {F7D5F855-F22D-4F82-A559-7F94C3CF70C4}
		{EF0395EB-4980-41C7-A28F-334875ED7336} = {F7D5F855-F22D-4F82-A559-7F94C3CF70C4}
	EndGlobalSection
EndGlobal
